
Microsoft Visual Studio Solution File, Format Version 12.00
# Visual Studio Version 17
VisualStudioVersion = 17.9.34714.143
MinimumVisualStudioVersion = 10.0.40219.1
Project("{FAE04EC0-301F-11D3-BF4B-00C04F79EFBC}") = "Console", "Console\Console.csproj", "{38B2128A-8205-4279-9450-F9D0D0E6C610}"
EndProject
Project("{FAE04EC0-301F-11D3-BF4B-00C04F79EFBC}") = "BusinessLogic", "BusinessLogic\BusinessLogic.csproj", "{8E292AFA-3364-4DE4-961D-F52DE9442D26}"
EndProject
Project("{FAE04EC0-301F-11D3-BF4B-00C04F79EFBC}") = "DataAccess", "DataAccess\DataAccess.csproj", "{CB19D0F6-F011-45F2-8EFD-5E76A1F7C74B}"
EndProject
Project("{FAE04EC0-301F-11D3-BF4B-00C04F79EFBC}") = "VFIT", "VFIT\VFIT.csproj", "{B181E506-F183-4ED8-A795-A7DB0BFF713A}"
EndProject
Global
	GlobalSection(SolutionConfigurationPlatforms) = preSolution
		Debug|Any CPU = Debug|Any CPU
		Release|Any CPU = Release|Any CPU
	EndGlobalSection
	GlobalSection(ProjectConfigurationPlatforms) = postSolution
		{38B2128A-8205-4279-9450-F9D0D0E6C610}.Debug|Any CPU.ActiveCfg = Debug|Any CPU
		{38B2128A-8205-4279-9450-F9D0D0E6C610}.Debug|Any CPU.Build.0 = Debug|Any CPU
		{38B2128A-8205-4279-9450-F9D0D0E6C610}.Release|Any CPU.ActiveCfg = Release|Any CPU
		{38B2128A-8205-4279-9450-F9D0D0E6C610}.Release|Any CPU.Build.0 = Release|Any CPU
		{8E292AFA-3364-4DE4-961D-F52DE9442D26}.Debug|Any CPU.ActiveCfg = Debug|Any CPU
		{8E292AFA-3364-4DE4-961D-F52DE9442D26}.Debug|Any CPU.Build.0 = Debug|Any CPU
		{8E292AFA-3364-4DE4-961D-F52DE9442D26}.Release|Any CPU.ActiveCfg = Release|Any CPU
		{8E292AFA-3364-4DE4-961D-F52DE9442D26}.Release|Any CPU.Build.0 = Release|Any CPU
		{CB19D0F6-F011-45F2-8EFD-5E76A1F7C74B}.Debug|Any CPU.ActiveCfg = Debug|Any CPU
		{CB19D0F6-F011-45F2-8EFD-5E76A1F7C74B}.Debug|Any CPU.Build.0 = Debug|Any CPU
		{CB19D0F6-F011-45F2-8EFD-5E76A1F7C74B}.Release|Any CPU.ActiveCfg = Release|Any CPU
		{CB19D0F6-F011-45F2-8EFD-5E76A1F7C74B}.Release|Any CPU.Build.0 = Release|Any CPU
		{B181E506-F183-4ED8-A795-A7DB0BFF713A}.Debug|Any CPU.ActiveCfg = Debug|Any CPU
		{B181E506-F183-4ED8-A795-A7DB0BFF713A}.Debug|Any CPU.Build.0 = Debug|Any CPU
		{B181E506-F183-4ED8-A795-A7DB0BFF713A}.Release|Any CPU.ActiveCfg = Release|Any CPU
		{B181E506-F183-4ED8-A795-A7DB0BFF713A}.Release|Any CPU.Build.0 = Release|Any CPU
	EndGlobalSection
	GlobalSection(SolutionProperties) = preSolution
		HideSolutionNode = FALSE
	EndGlobalSection
	GlobalSection(ExtensibilityGlobals) = postSolution
		SolutionGuid = {7623CCE6-F8B7-4CB2-A065-D397A95C4C5A}
	EndGlobalSection
EndGlobal
